// !$*UTF8*$!
{
	archiveVersion = 1;
	classes = {
	};
	objectVersion = 55;
	objects = {

/* Begin PBXBuildFile section */
		47B2AE1B27B6DF6700DD9087 /* AppDelegate.swift in Sources */ = {isa = PBXBuildFile; fileRef = 47B2AE1A27B6DF6700DD9087 /* AppDelegate.swift */; };
		47B2AE1D27B6DF6700DD9087 /* SceneDelegate.swift in Sources */ = {isa = PBXBuildFile; fileRef = 47B2AE1C27B6DF6700DD9087 /* SceneDelegate.swift */; };
		47B2AE1F27B6DF6700DD9087 /* ViewController.swift in Sources */ = {isa = PBXBuildFile; fileRef = 47B2AE1E27B6DF6700DD9087 /* ViewController.swift */; };
		47B2AE2227B6DF6700DD9087 /* Main.storyboard in Resources */ = {isa = PBXBuildFile; fileRef = 47B2AE2027B6DF6700DD9087 /* Main.storyboard */; };
		47B2AE2427B6DF6800DD9087 /* Assets.xcassets in Resources */ = {isa = PBXBuildFile; fileRef = 47B2AE2327B6DF6800DD9087 /* Assets.xcassets */; };
		47B2AE2727B6DF6800DD9087 /* LaunchScreen.storyboard in Resources */ = {isa = PBXBuildFile; fileRef = 47B2AE2527B6DF6800DD9087 /* LaunchScreen.storyboard */; };
		47B2AE3227B7C01100DD9087 /* MathRender in Frameworks */ = {isa = PBXBuildFile; productRef = 47B2AE3127B7C01100DD9087 /* MathRender */; };
		47B2AE3927B7FF5B00DD9087 /* mathFonts.bundle in Resources */ = {isa = PBXBuildFile; fileRef = 47B2AE3827B7FF5B00DD9087 /* mathFonts.bundle */; };
/* End PBXBuildFile section */

/* Begin PBXFileReference section */
		47B2AE1727B6DF6700DD9087 /* MathRenderDemo.app */ = {isa = PBXFileReference; explicitFileType = wrapper.application; includeInIndex = 0; path = MathRenderDemo.app; sourceTree = BUILT_PRODUCTS_DIR; };
		47B2AE1A27B6DF6700DD9087 /* AppDelegate.swift */ = {isa = PBXFileReference; lastKnownFileType = sourcecode.swift; path = AppDelegate.swift; sourceTree = "<group>"; };
		47B2AE1C27B6DF6700DD9087 /* SceneDelegate.swift */ = {isa = PBXFileReference; lastKnownFileType = sourcecode.swift; path = SceneDelegate.swift; sourceTree = "<group>"; };
		47B2AE1E27B6DF6700DD9087 /* ViewController.swift */ = {isa = PBXFileReference; lastKnownFileType = sourcecode.swift; path = ViewController.swift; sourceTree = "<group>"; };
		47B2AE2127B6DF6700DD9087 /* Base */ = {isa = PBXFileReference; lastKnownFileType = file.storyboard; name = Base; path = Base.lproj/Main.storyboard; sourceTree = "<group>"; };
		47B2AE2327B6DF6800DD9087 /* Assets.xcassets */ = {isa = PBXFileReference; lastKnownFileType = folder.assetcatalog; path = Assets.xcassets; sourceTree = "<group>"; };
		47B2AE2627B6DF6800DD9087 /* Base */ = {isa = PBXFileReference; lastKnownFileType = file.storyboard; name = Base; path = Base.lproj/LaunchScreen.storyboard; sourceTree = "<group>"; };
		47B2AE2827B6DF6800DD9087 /* Info.plist */ = {isa = PBXFileReference; lastKnownFileType = text.plist.xml; path = Info.plist; sourceTree = "<group>"; };
		47B2AE3427B7F7BC00DD9087 /* CoreGraphics.framework */ = {isa = PBXFileReference; lastKnownFileType = wrapper.framework; name = CoreGraphics.framework; path = System/Library/Frameworks/CoreGraphics.framework; sourceTree = SDKROOT; };
		47B2AE3627B7F7C500DD9087 /* CoreFoundation.framework */ = {isa = PBXFileReference; lastKnownFileType = wrapper.framework; name = CoreFoundation.framework; path = System/Library/Frameworks/CoreFoundation.framework; sourceTree = SDKROOT; };
		47B2AE3827B7FF5B00DD9087 /* mathFonts.bundle */ = {isa = PBXFileReference; lastKnownFileType = "wrapper.plug-in"; path = mathFonts.bundle; sourceTree = "<group>"; };
/* End PBXFileReference section */

/* Begin PBXFrameworksBuildPhase section */
		47B2AE1427B6DF6700DD9087 /* Frameworks */ = {
			isa = PBXFrameworksBuildPhase;
			buildActionMask = 2147483647;
			files = (
				47B2AE3227B7C01100DD9087 /* MathRender in Frameworks */,
			);
			runOnlyForDeploymentPostprocessing = 0;
		};
/* End PBXFrameworksBuildPhase section */

/* Begin PBXGroup section */
		47B2AE0E27B6DF6700DD9087 = {
			isa = PBXGroup;
			children = (
				47B2AE1927B6DF6700DD9087 /* MathRenderDemo */,
				47B2AE1827B6DF6700DD9087 /* Products */,
				47B2AE3327B7F7BB00DD9087 /* Frameworks */,
			);
			sourceTree = "<group>";
		};
		47B2AE1827B6DF6700DD9087 /* Products */ = {
			isa = PBXGroup;
			children = (
				47B2AE1727B6DF6700DD9087 /* MathRenderDemo.app */,
			);
			name = Products;
			sourceTree = "<group>";
		};
		47B2AE1927B6DF6700DD9087 /* MathRenderDemo */ = {
			isa = PBXGroup;
			children = (
				47B2AE1A27B6DF6700DD9087 /* AppDelegate.swift */,
				47B2AE1C27B6DF6700DD9087 /* SceneDelegate.swift */,
				47B2AE1E27B6DF6700DD9087 /* ViewController.swift */,
				47B2AE2027B6DF6700DD9087 /* Main.storyboard */,
				47B2AE2327B6DF6800DD9087 /* Assets.xcassets */,
				47B2AE3827B7FF5B00DD9087 /* mathFonts.bundle */,
				47B2AE2527B6DF6800DD9087 /* LaunchScreen.storyboard */,
				47B2AE2827B6DF6800DD9087 /* Info.plist */,
			);
			path = MathRenderDemo;
			sourceTree = "<group>";
		};
		47B2AE3327B7F7BB00DD9087 /* Frameworks */ = {
			isa = PBXGroup;
			children = (
				47B2AE3627B7F7C500DD9087 /* CoreFoundation.framework */,
				47B2AE3427B7F7BC00DD9087 /* CoreGraphics.framework */,
			);
			name = Frameworks;
			sourceTree = "<group>";
		};
/* End PBXGroup section */

/* Begin PBXNativeTarget section */
		47B2AE1627B6DF6700DD9087 /* MathRenderDemo */ = {
			isa = PBXNativeTarget;
			buildConfigurationList = 47B2AE2B27B6DF6800DD9087 /* Build configuration list for PBXNativeTarget "MathRenderDemo" */;
			buildPhases = (
				47B2AE1327B6DF6700DD9087 /* Sources */,
				47B2AE1427B6DF6700DD9087 /* Frameworks */,
				47B2AE1527B6DF6700DD9087 /* Resources */,
			);
			buildRules = (
			);
			dependencies = (
			);
			name = MathRenderDemo;
			packageProductDependencies = (
				47B2AE3127B7C01100DD9087 /* MathRender */,
			);
			productName = MathRenderDemo;
			productReference = 47B2AE1727B6DF6700DD9087 /* MathRenderDemo.app */;
			productType = "com.apple.product-type.application";
		};
/* End PBXNativeTarget section */

/* Begin PBXProject section */
		47B2AE0F27B6DF6700DD9087 /* Project object */ = {
			isa = PBXProject;
			attributes = {
				BuildIndependentTargetsInParallel = 1;
				LastSwiftUpdateCheck = 1320;
				LastUpgradeCheck = 1320;
				TargetAttributes = {
					47B2AE1627B6DF6700DD9087 = {
						CreatedOnToolsVersion = 13.2.1;
					};
				};
			};
			buildConfigurationList = 47B2AE1227B6DF6700DD9087 /* Build configuration list for PBXProject "MathRenderDemo" */;
			compatibilityVersion = "Xcode 13.0";
			developmentRegion = en;
			hasScannedForEncodings = 0;
			knownRegions = (
				en,
				Base,
			);
			mainGroup = 47B2AE0E27B6DF6700DD9087;
			packageReferences = (
				47B2AE3027B7C01100DD9087 /* XCRemoteSwiftPackageReference "MathRender" */,
			);
			productRefGroup = 47B2AE1827B6DF6700DD9087 /* Products */;
			projectDirPath = "";
			projectRoot = "";
			targets = (
				47B2AE1627B6DF6700DD9087 /* MathRenderDemo */,
			);
		};
/* End PBXProject section */

/* Begin PBXResourcesBuildPhase section */
		47B2AE1527B6DF6700DD9087 /* Resources */ = {
			isa = PBXResourcesBuildPhase;
			buildActionMask = 2147483647;
			files = (
				47B2AE3927B7FF5B00DD9087 /* mathFonts.bundle in Resources */,
				47B2AE2727B6DF6800DD9087 /* LaunchScreen.storyboard in Resources */,
				47B2AE2427B6DF6800DD9087 /* Assets.xcassets in Resources */,
				47B2AE2227B6DF6700DD9087 /* Main.storyboard in Resources */,
			);
			runOnlyForDeploymentPostprocessing = 0;
		};
/* End PBXResourcesBuildPhase section */

/* Begin PBXSourcesBuildPhase section */
		47B2AE1327B6DF6700DD9087 /* Sources */ = {
			isa = PBXSourcesBuildPhase;
			buildActionMask = 2147483647;
			files = (
				47B2AE1F27B6DF6700DD9087 /* ViewController.swift in Sources */,
				47B2AE1B27B6DF6700DD9087 /* AppDelegate.swift in Sources */,
				47B2AE1D27B6DF6700DD9087 /* SceneDelegate.swift in Sources */,
			);
			runOnlyForDeploymentPostprocessing = 0;
		};
/* End PBXSourcesBuildPhase section */

/* Begin PBXVariantGroup section */
		47B2AE2027B6DF6700DD9087 /* Main.storyboard */ = {
			isa = PBXVariantGroup;
			children = (
				47B2AE2127B6DF6700DD9087 /* Base */,
			);
			name = Main.storyboard;
			sourceTree = "<group>";
		};
		47B2AE2527B6DF6800DD9087 /* LaunchScreen.storyboard */ = {
			isa = PBXVariantGroup;
			children = (
				47B2AE2627B6DF6800DD9087 /* Base */,
			);
			name = LaunchScreen.storyboard;
			sourceTree = "<group>";
		};
/* End PBXVariantGroup section */

/* Begin XCBuildConfiguration section */
		47B2AE2927B6DF6800DD9087 /* Debug */ = {
			isa = XCBuildConfiguration;
			buildSettings = {
				ALWAYS_SEARCH_USER_PATHS = NO;
				CLANG_ANALYZER_NONNULL = YES;
				CLANG_ANALYZER_NUMBER_OBJECT_CONVERSION = YES_AGGRESSIVE;
				CLANG_CXX_LANGUAGE_STANDARD = "gnu++17";
				CLANG_CXX_LIBRARY = "libc++";
				CLANG_ENABLE_MODULES = YES;
				CLANG_ENABLE_OBJC_ARC = YES;
				CLANG_ENABLE_OBJC_WEAK = YES;
				CLANG_WARN_BLOCK_CAPTURE_AUTORELEASING = YES;
				CLANG_WARN_BOOL_CONVERSION = YES;
				CLANG_WARN_COMMA = YES;
				CLANG_WARN_CONSTANT_CONVERSION = YES;
				CLANG_WARN_DEPRECATED_OBJC_IMPLEMENTATIONS = YES;
				CLANG_WARN_DIRECT_OBJC_ISA_USAGE = YES_ERROR;
				CLANG_WARN_DOCUMENTATION_COMMENTS = YES;
				CLANG_WARN_EMPTY_BODY = YES;
				CLANG_WARN_ENUM_CONVERSION = YES;
				CLANG_WARN_INFINITE_RECURSION = YES;
				CLANG_WARN_INT_CONVERSION = YES;
				CLANG_WARN_NON_LITERAL_NULL_CONVERSION = YES;
				CLANG_WARN_OBJC_IMPLICIT_RETAIN_SELF = YES;
				CLANG_WARN_OBJC_LITERAL_CONVERSION = YES;
				CLANG_WARN_OBJC_ROOT_CLASS = YES_ERROR;
				CLANG_WARN_QUOTED_INCLUDE_IN_FRAMEWORK_HEADER = YES;
				CLANG_WARN_RANGE_LOOP_ANALYSIS = YES;
				CLANG_WARN_STRICT_PROTOTYPES = YES;
				CLANG_WARN_SUSPICIOUS_MOVE = YES;
				CLANG_WARN_UNGUARDED_AVAILABILITY = YES_AGGRESSIVE;
				CLANG_WARN_UNREACHABLE_CODE = YES;
				CLANG_WARN__DUPLICATE_METHOD_MATCH = YES;
				COPY_PHASE_STRIP = NO;
				DEBUG_INFORMATION_FORMAT = dwarf;
				ENABLE_STRICT_OBJC_MSGSEND = YES;
				ENABLE_TESTABILITY = YES;
				GCC_C_LANGUAGE_STANDARD = gnu11;
				GCC_DYNAMIC_NO_PIC = NO;
				GCC_NO_COMMON_BLOCKS = YES;
				GCC_OPTIMIZATION_LEVEL = 0;
				GCC_PREPROCESSOR_DEFINITIONS = (
					"DEBUG=1",
					"$(inherited)",
				);
				GCC_WARN_64_TO_32_BIT_CONVERSION = YES;
				GCC_WARN_ABOUT_RETURN_TYPE = YES_ERROR;
				GCC_WARN_UNDECLARED_SELECTOR = YES;
				GCC_WARN_UNINITIALIZED_AUTOS = YES_AGGRESSIVE;
				GCC_WARN_UNUSED_FUNCTION = YES;
				GCC_WARN_UNUSED_VARIABLE = YES;
				IPHONEOS_DEPLOYMENT_TARGET = 15.2;
				MTL_ENABLE_DEBUG_INFO = INCLUDE_SOURCE;
				MTL_FAST_MATH = YES;
				ONLY_ACTIVE_ARCH = YES;
				"OTHER_SWIFT_FLAGS[sdk=iphoneos*]" = "-DTARGET_OS_IPHONE";
				SDKROOT = iphoneos;
				SWIFT_ACTIVE_COMPILATION_CONDITIONS = DEBUG;
				SWIFT_OPTIMIZATION_LEVEL = "-Onone";
			};
			name = Debug;
		};
		47B2AE2A27B6DF6800DD9087 /* Release */ = {
			isa = XCBuildConfiguration;
			buildSettings = {
				ALWAYS_SEARCH_USER_PATHS = NO;
				CLANG_ANALYZER_NONNULL = YES;
				CLANG_ANALYZER_NUMBER_OBJECT_CONVERSION = YES_AGGRESSIVE;
				CLANG_CXX_LANGUAGE_STANDARD = "gnu++17";
				CLANG_CXX_LIBRARY = "libc++";
				CLANG_ENABLE_MODULES = YES;
				CLANG_ENABLE_OBJC_ARC = YES;
				CLANG_ENABLE_OBJC_WEAK = YES;
				CLANG_WARN_BLOCK_CAPTURE_AUTORELEASING = YES;
				CLANG_WARN_BOOL_CONVERSION = YES;
				CLANG_WARN_COMMA = YES;
				CLANG_WARN_CONSTANT_CONVERSION = YES;
				CLANG_WARN_DEPRECATED_OBJC_IMPLEMENTATIONS = YES;
				CLANG_WARN_DIRECT_OBJC_ISA_USAGE = YES_ERROR;
				CLANG_WARN_DOCUMENTATION_COMMENTS = YES;
				CLANG_WARN_EMPTY_BODY = YES;
				CLANG_WARN_ENUM_CONVERSION = YES;
				CLANG_WARN_INFINITE_RECURSION = YES;
				CLANG_WARN_INT_CONVERSION = YES;
				CLANG_WARN_NON_LITERAL_NULL_CONVERSION = YES;
				CLANG_WARN_OBJC_IMPLICIT_RETAIN_SELF = YES;
				CLANG_WARN_OBJC_LITERAL_CONVERSION = YES;
				CLANG_WARN_OBJC_ROOT_CLASS = YES_ERROR;
				CLANG_WARN_QUOTED_INCLUDE_IN_FRAMEWORK_HEADER = YES;
				CLANG_WARN_RANGE_LOOP_ANALYSIS = YES;
				CLANG_WARN_STRICT_PROTOTYPES = YES;
				CLANG_WARN_SUSPICIOUS_MOVE = YES;
				CLANG_WARN_UNGUARDED_AVAILABILITY = YES_AGGRESSIVE;
				CLANG_WARN_UNREACHABLE_CODE = YES;
				CLANG_WARN__DUPLICATE_METHOD_MATCH = YES;
				COPY_PHASE_STRIP = NO;
				DEBUG_INFORMATION_FORMAT = "dwarf-with-dsym";
				ENABLE_NS_ASSERTIONS = NO;
				ENABLE_STRICT_OBJC_MSGSEND = YES;
				GCC_C_LANGUAGE_STANDARD = gnu11;
				GCC_NO_COMMON_BLOCKS = YES;
				GCC_WARN_64_TO_32_BIT_CONVERSION = YES;
				GCC_WARN_ABOUT_RETURN_TYPE = YES_ERROR;
				GCC_WARN_UNDECLARED_SELECTOR = YES;
				GCC_WARN_UNINITIALIZED_AUTOS = YES_AGGRESSIVE;
				GCC_WARN_UNUSED_FUNCTION = YES;
				GCC_WARN_UNUSED_VARIABLE = YES;
				IPHONEOS_DEPLOYMENT_TARGET = 15.2;
				MTL_ENABLE_DEBUG_INFO = NO;
				MTL_FAST_MATH = YES;
				"OTHER_SWIFT_FLAGS[sdk=iphoneos*]" = "-DTARGET_OS_IPHONE";
				SDKROOT = iphoneos;
				SWIFT_COMPILATION_MODE = wholemodule;
				SWIFT_OPTIMIZATION_LEVEL = "-O";
				VALIDATE_PRODUCT = YES;
			};
			name = Release;
		};
		47B2AE2C27B6DF6800DD9087 /* Debug */ = {
			isa = XCBuildConfiguration;
			buildSettings = {
				ASSETCATALOG_COMPILER_APPICON_NAME = AppIcon;
				ASSETCATALOG_COMPILER_GLOBAL_ACCENT_COLOR_NAME = AccentColor;
				CODE_SIGN_STYLE = Automatic;
				CURRENT_PROJECT_VERSION = 1;
				DEVELOPMENT_TEAM = 6389FT2N69;
				GENERATE_INFOPLIST_FILE = YES;
				INFOPLIST_FILE = MathRenderDemo/Info.plist;
				INFOPLIST_KEY_UIApplicationSupportsIndirectInputEvents = YES;
				INFOPLIST_KEY_UILaunchStoryboardName = LaunchScreen;
				INFOPLIST_KEY_UIMainStoryboardFile = Main;
				INFOPLIST_KEY_UISupportedInterfaceOrientations_iPad = "UIInterfaceOrientationPortrait UIInterfaceOrientationPortraitUpsideDown UIInterfaceOrientationLandscapeLeft UIInterfaceOrientationLandscapeRight";
				INFOPLIST_KEY_UISupportedInterfaceOrientations_iPhone = "UIInterfaceOrientationPortrait UIInterfaceOrientationLandscapeLeft UIInterfaceOrientationLandscapeRight";
				LD_RUNPATH_SEARCH_PATHS = (
					"$(inherited)",
					"@executable_path/Frameworks",
				);
				MARKETING_VERSION = 1.0;
				PRODUCT_BUNDLE_IDENTIFIER = "com.c-inspirations.MathRenderDemo";
				PRODUCT_NAME = "$(TARGET_NAME)";
				SWIFT_EMIT_LOC_STRINGS = YES;
				SWIFT_VERSION = 5.0;
				TARGETED_DEVICE_FAMILY = "1,2";
			};
			name = Debug;
		};
		47B2AE2D27B6DF6800DD9087 /* Release */ = {
			isa = XCBuildConfiguration;
			buildSettings = {
				ASSETCATALOG_COMPILER_APPICON_NAME = AppIcon;
				ASSETCATALOG_COMPILER_GLOBAL_ACCENT_COLOR_NAME = AccentColor;
				CODE_SIGN_STYLE = Automatic;
				CURRENT_PROJECT_VERSION = 1;
				DEVELOPMENT_TEAM = 6389FT2N69;
				GENERATE_INFOPLIST_FILE = YES;
				INFOPLIST_FILE = MathRenderDemo/Info.plist;
				INFOPLIST_KEY_UIApplicationSupportsIndirectInputEvents = YES;
				INFOPLIST_KEY_UILaunchStoryboardName = LaunchScreen;
				INFOPLIST_KEY_UIMainStoryboardFile = Main;
				INFOPLIST_KEY_UISupportedInterfaceOrientations_iPad = "UIInterfaceOrientationPortrait UIInterfaceOrientationPortraitUpsideDown UIInterfaceOrientationLandscapeLeft UIInterfaceOrientationLandscapeRight";
				INFOPLIST_KEY_UISupportedInterfaceOrientations_iPhone = "UIInterfaceOrientationPortrait UIInterfaceOrientationLandscapeLeft UIInterfaceOrientationLandscapeRight";
				LD_RUNPATH_SEARCH_PATHS = (
					"$(inherited)",
					"@executable_path/Frameworks",
				);
				MARKETING_VERSION = 1.0;
				PRODUCT_BUNDLE_IDENTIFIER = "com.c-inspirations.MathRenderDemo";
				PRODUCT_NAME = "$(TARGET_NAME)";
				SWIFT_EMIT_LOC_STRINGS = YES;
				SWIFT_VERSION = 5.0;
				TARGETED_DEVICE_FAMILY = "1,2";
			};
			name = Release;
		};
/* End XCBuildConfiguration section */

/* Begin XCConfigurationList section */
		47B2AE1227B6DF6700DD9087 /* Build configuration list for PBXProject "MathRenderDemo" */ = {
			isa = XCConfigurationList;
			buildConfigurations = (
				47B2AE2927B6DF6800DD9087 /* Debug */,
				47B2AE2A27B6DF6800DD9087 /* Release */,
			);
			defaultConfigurationIsVisible = 0;
			defaultConfigurationName = Release;
		};
		47B2AE2B27B6DF6800DD9087 /* Build configuration list for PBXNativeTarget "MathRenderDemo" */ = {
			isa = XCConfigurationList;
			buildConfigurations = (
				47B2AE2C27B6DF6800DD9087 /* Debug */,
				47B2AE2D27B6DF6800DD9087 /* Release */,
			);
			defaultConfigurationIsVisible = 0;
			defaultConfigurationName = Release;
		};
/* End XCConfigurationList section */

/* Begin XCRemoteSwiftPackageReference section */
		47B2AE3027B7C01100DD9087 /* XCRemoteSwiftPackageReference "MathRender" */ = {
			isa = XCRemoteSwiftPackageReference;
			repositoryURL = "https://github.com/mgriebling/MathRender.git";
			requirement = {
				branch = main;
				kind = branch;
			};
		};
/* End XCRemoteSwiftPackageReference section */

/* Begin XCSwiftPackageProductDependency section */
		47B2AE3127B7C01100DD9087 /* MathRender */ = {
			isa = XCSwiftPackageProductDependency;
			package = 47B2AE3027B7C01100DD9087 /* XCRemoteSwiftPackageReference "MathRender" */;
			productName = MathRender;
		};
/* End XCSwiftPackageProductDependency section */
	};
	rootObject = 47B2AE0F27B6DF6700DD9087 /* Project object */;
}
